// !$*UTF8*$!
{
	archiveVersion = 1;
	classes = {
	};
	objectVersion = 50;
	objects = {

/* Begin PBXBuildFile section */
		D9F6601B250BB3F1005AA0C7 /* AppDelegate.swift in Sources */ = {isa = PBXBuildFile; fileRef = D9F6601A250BB3F1005AA0C7 /* AppDelegate.swift */; };
		D9F6601D250BB3F1005AA0C7 /* SceneDelegate.swift in Sources */ = {isa = PBXBuildFile; fileRef = D9F6601C250BB3F1005AA0C7 /* SceneDelegate.swift */; };
		D9F6601F250BB3F1005AA0C7 /* ContentView.swift in Sources */ = {isa = PBXBuildFile; fileRef = D9F6601E250BB3F1005AA0C7 /* ContentView.swift */; };
		D9F66021250BB3F6005AA0C7 /* Assets.xcassets in Resources */ = {isa = PBXBuildFile; fileRef = D9F66020250BB3F6005AA0C7 /* Assets.xcassets */; };
		D9F66027250BB3F6005AA0C7 /* LaunchScreen.storyboard in Resources */ = {isa = PBXBuildFile; fileRef = D9F66025250BB3F6005AA0C7 /* LaunchScreen.storyboard */; };
		D9F66031250BBBB3005AA0C7 /* PublisherView.swift in Sources */ = {isa = PBXBuildFile; fileRef = D9F66030250BBBB3005AA0C7 /* PublisherView.swift */; };
		D9F66033250BBBEE005AA0C7 /* ARVideoCapture.swift in Sources */ = {isa = PBXBuildFile; fileRef = D9F66032250BBBEE005AA0C7 /* ARVideoCapture.swift */; };
		D9F66035250BBC40005AA0C7 /* ARView.swift in Sources */ = {isa = PBXBuildFile; fileRef = D9F66034250BBC40005AA0C7 /* ARView.swift */; };
		D9F66037250BBD4A005AA0C7 /* SessionService.swift in Sources */ = {isa = PBXBuildFile; fileRef = D9F66036250BBD4A005AA0C7 /* SessionService.swift */; };
		D9F66039250BC500005AA0C7 /* SessionView.swift in Sources */ = {isa = PBXBuildFile; fileRef = D9F66038250BC500005AA0C7 /* SessionView.swift */; };
		FEAC925E6FCCE7A4FF0ED362 /* Pods_TokboxARSample.framework in Frameworks */ = {isa = PBXBuildFile; fileRef = A5B666A94814A71523EBCF1F /* Pods_TokboxARSample.framework */; };
/* End PBXBuildFile section */

/* Begin PBXFileReference section */
		56A04E53B7AC785F056A2FF3 /* Pods-TokboxARSample.release.xcconfig */ = {isa = PBXFileReference; includeInIndex = 1; lastKnownFileType = text.xcconfig; name = "Pods-TokboxARSample.release.xcconfig"; path = "Target Support Files/Pods-TokboxARSample/Pods-TokboxARSample.release.xcconfig"; sourceTree = "<group>"; };
		A290F9B7F67D839FA08E9848 /* Pods-TokboxARSample.debug.xcconfig */ = {isa = PBXFileReference; includeInIndex = 1; lastKnownFileType = text.xcconfig; name = "Pods-TokboxARSample.debug.xcconfig"; path = "Target Support Files/Pods-TokboxARSample/Pods-TokboxARSample.debug.xcconfig"; sourceTree = "<group>"; };
		A5B666A94814A71523EBCF1F /* Pods_TokboxARSample.framework */ = {isa = PBXFileReference; explicitFileType = wrapper.framework; includeInIndex = 0; path = Pods_TokboxARSample.framework; sourceTree = BUILT_PRODUCTS_DIR; };
		D9F66017250BB3F1005AA0C7 /* TokboxARSample.app */ = {isa = PBXFileReference; explicitFileType = wrapper.application; includeInIndex = 0; path = TokboxARSample.app; sourceTree = BUILT_PRODUCTS_DIR; };
		D9F6601A250BB3F1005AA0C7 /* AppDelegate.swift */ = {isa = PBXFileReference; lastKnownFileType = sourcecode.swift; path = AppDelegate.swift; sourceTree = "<group>"; };
		D9F6601C250BB3F1005AA0C7 /* SceneDelegate.swift */ = {isa = PBXFileReference; lastKnownFileType = sourcecode.swift; path = SceneDelegate.swift; sourceTree = "<group>"; };
		D9F6601E250BB3F1005AA0C7 /* ContentView.swift */ = {isa = PBXFileReference; lastKnownFileType = sourcecode.swift; path = ContentView.swift; sourceTree = "<group>"; };
		D9F66020250BB3F6005AA0C7 /* Assets.xcassets */ = {isa = PBXFileReference; lastKnownFileType = folder.assetcatalog; path = Assets.xcassets; sourceTree = "<group>"; };
		D9F66026250BB3F6005AA0C7 /* Base */ = {isa = PBXFileReference; lastKnownFileType = file.storyboard; name = Base; path = Base.lproj/LaunchScreen.storyboard; sourceTree = "<group>"; };
		D9F66028250BB3F6005AA0C7 /* Info.plist */ = {isa = PBXFileReference; lastKnownFileType = text.plist.xml; path = Info.plist; sourceTree = "<group>"; };
		D9F66030250BBBB3005AA0C7 /* PublisherView.swift */ = {isa = PBXFileReference; lastKnownFileType = sourcecode.swift; path = PublisherView.swift; sourceTree = "<group>"; };
		D9F66032250BBBEE005AA0C7 /* ARVideoCapture.swift */ = {isa = PBXFileReference; lastKnownFileType = sourcecode.swift; path = ARVideoCapture.swift; sourceTree = "<group>"; };
		D9F66034250BBC40005AA0C7 /* ARView.swift */ = {isa = PBXFileReference; fileEncoding = 4; lastKnownFileType = sourcecode.swift; path = ARView.swift; sourceTree = "<group>"; };
		D9F66036250BBD4A005AA0C7 /* SessionService.swift */ = {isa = PBXFileReference; fileEncoding = 4; lastKnownFileType = sourcecode.swift; path = SessionService.swift; sourceTree = "<group>"; };
		D9F66038250BC500005AA0C7 /* SessionView.swift */ = {isa = PBXFileReference; fileEncoding = 4; lastKnownFileType = sourcecode.swift; path = SessionView.swift; sourceTree = "<group>"; };
/* End PBXFileReference section */

/* Begin PBXFrameworksBuildPhase section */
		D9F66014250BB3F1005AA0C7 /* Frameworks */ = {
			isa = PBXFrameworksBuildPhase;
			buildActionMask = 2147483647;
			files = (
				FEAC925E6FCCE7A4FF0ED362 /* Pods_TokboxARSample.framework in Frameworks */,
			);
			runOnlyForDeploymentPostprocessing = 0;
		};
/* End PBXFrameworksBuildPhase section */

/* Begin PBXGroup section */
		4D15DC84C45D811089807F2F /* Frameworks */ = {
			isa = PBXGroup;
			children = (
				A5B666A94814A71523EBCF1F /* Pods_TokboxARSample.framework */,
			);
			name = Frameworks;
			sourceTree = "<group>";
		};
		5493E8A093486C4056D7CF39 /* Pods */ = {
			isa = PBXGroup;
			children = (
				A290F9B7F67D839FA08E9848 /* Pods-TokboxARSample.debug.xcconfig */,
				56A04E53B7AC785F056A2FF3 /* Pods-TokboxARSample.release.xcconfig */,
			);
			path = Pods;
			sourceTree = "<group>";
		};
		D9F6600E250BB3F1005AA0C7 = {
			isa = PBXGroup;
			children = (
				D9F66019250BB3F1005AA0C7 /* TokboxARSample */,
				D9F66018250BB3F1005AA0C7 /* Products */,
				5493E8A093486C4056D7CF39 /* Pods */,
				4D15DC84C45D811089807F2F /* Frameworks */,
			);
			sourceTree = "<group>";
		};
		D9F66018250BB3F1005AA0C7 /* Products */ = {
			isa = PBXGroup;
			children = (
				D9F66017250BB3F1005AA0C7 /* TokboxARSample.app */,
			);
			name = Products;
			sourceTree = "<group>";
		};
		D9F66019250BB3F1005AA0C7 /* TokboxARSample */ = {
			isa = PBXGroup;
			children = (
				D9F66028250BB3F6005AA0C7 /* Info.plist */,
				D9F6601A250BB3F1005AA0C7 /* AppDelegate.swift */,
				D9F6601E250BB3F1005AA0C7 /* ContentView.swift */,
				D9F6601C250BB3F1005AA0C7 /* SceneDelegate.swift */,
				D9F66020250BB3F6005AA0C7 /* Assets.xcassets */,
				D9F66025250BB3F6005AA0C7 /* LaunchScreen.storyboard */,
				D9F6602F250BBBA2005AA0C7 /* Services */,
				D9F6602E250BBB94005AA0C7 /* Views */,
			);
			path = TokboxARSample;
			sourceTree = "<group>";
		};
		D9F6602E250BBB94005AA0C7 /* Views */ = {
			isa = PBXGroup;
			children = (
				D9F66034250BBC40005AA0C7 /* ARView.swift */,
				D9F66030250BBBB3005AA0C7 /* PublisherView.swift */,
				D9F66038250BC500005AA0C7 /* SessionView.swift */,
			);
			path = Views;
			sourceTree = "<group>";
		};
		D9F6602F250BBBA2005AA0C7 /* Services */ = {
			isa = PBXGroup;
			children = (
				D9F66032250BBBEE005AA0C7 /* ARVideoCapture.swift */,
				D9F66036250BBD4A005AA0C7 /* SessionService.swift */,
			);
			path = Services;
			sourceTree = "<group>";
		};
/* End PBXGroup section */

/* Begin PBXNativeTarget section */
		D9F66016250BB3F1005AA0C7 /* TokboxARSample */ = {
			isa = PBXNativeTarget;
			buildConfigurationList = D9F6602B250BB3F6005AA0C7 /* Build configuration list for PBXNativeTarget "TokboxARSample" */;
			buildPhases = (
				5C5FC1C6D3B18787E5CBDE86 /* [CP] Check Pods Manifest.lock */,
				D9F66013250BB3F1005AA0C7 /* Sources */,
				D9F66014250BB3F1005AA0C7 /* Frameworks */,
				D9F66015250BB3F1005AA0C7 /* Resources */,
			);
			buildRules = (
			);
			dependencies = (
			);
			name = TokboxARSample;
			productName = TokboxARSample;
			productReference = D9F66017250BB3F1005AA0C7 /* TokboxARSample.app */;
			productType = "com.apple.product-type.application";
		};
/* End PBXNativeTarget section */

/* Begin PBXProject section */
		D9F6600F250BB3F1005AA0C7 /* Project object */ = {
			isa = PBXProject;
			attributes = {
				LastSwiftUpdateCheck = 1170;
				LastUpgradeCheck = 1170;
				ORGANIZATIONNAME = Xactware;
				TargetAttributes = {
					D9F66016250BB3F1005AA0C7 = {
						CreatedOnToolsVersion = 11.7;
					};
				};
			};
			buildConfigurationList = D9F66012250BB3F1005AA0C7 /* Build configuration list for PBXProject "TokboxARSample" */;
			compatibilityVersion = "Xcode 9.3";
			developmentRegion = en;
			hasScannedForEncodings = 0;
			knownRegions = (
				en,
				Base,
			);
			mainGroup = D9F6600E250BB3F1005AA0C7;
			productRefGroup = D9F66018250BB3F1005AA0C7 /* Products */;
			projectDirPath = "";
			projectRoot = "";
			targets = (
				D9F66016250BB3F1005AA0C7 /* TokboxARSample */,
			);
		};
/* End PBXProject section */

/* Begin PBXResourcesBuildPhase section */
		D9F66015250BB3F1005AA0C7 /* Resources */ = {
			isa = PBXResourcesBuildPhase;
			buildActionMask = 2147483647;
			files = (
				D9F66027250BB3F6005AA0C7 /* LaunchScreen.storyboard in Resources */,
				D9F66021250BB3F6005AA0C7 /* Assets.xcassets in Resources */,
			);
			runOnlyForDeploymentPostprocessing = 0;
		};
/* End PBXResourcesBuildPhase section */

/* Begin PBXShellScriptBuildPhase section */
		5C5FC1C6D3B18787E5CBDE86 /* [CP] Check Pods Manifest.lock */ = {
			isa = PBXShellScriptBuildPhase;
			buildActionMask = 2147483647;
			files = (
			);
			inputFileListPaths = (
			);
			inputPaths = (
				"${PODS_PODFILE_DIR_PATH}/Podfile.lock",
				"${PODS_ROOT}/Manifest.lock",
			);
			name = "[CP] Check Pods Manifest.lock";
			outputFileListPaths = (
			);
			outputPaths = (
				"$(DERIVED_FILE_DIR)/Pods-TokboxARSample-checkManifestLockResult.txt",
			);
			runOnlyForDeploymentPostprocessing = 0;
			shellPath = /bin/sh;
			shellScript = "diff \"${PODS_PODFILE_DIR_PATH}/Podfile.lock\" \"${PODS_ROOT}/Manifest.lock\" > /dev/null\nif [ $? != 0 ] ; then\n    # print error to STDERR\n    echo \"error: The sandbox is not in sync with the Podfile.lock. Run 'pod install' or update your CocoaPods installation.\" >&2\n    exit 1\nfi\n# This output is used by Xcode 'outputs' to avoid re-running this script phase.\necho \"SUCCESS\" > \"${SCRIPT_OUTPUT_FILE_0}\"\n";
			showEnvVarsInLog = 0;
		};
/* End PBXShellScriptBuildPhase section */

/* Begin PBXSourcesBuildPhase section */
		D9F66013250BB3F1005AA0C7 /* Sources */ = {
			isa = PBXSourcesBuildPhase;
			buildActionMask = 2147483647;
			files = (
				D9F6601B250BB3F1005AA0C7 /* AppDelegate.swift in Sources */,
				D9F6601D250BB3F1005AA0C7 /* SceneDelegate.swift in Sources */,
				D9F66037250BBD4A005AA0C7 /* SessionService.swift in Sources */,
				D9F66039250BC500005AA0C7 /* SessionView.swift in Sources */,
				D9F6601F250BB3F1005AA0C7 /* ContentView.swift in Sources */,
				D9F66031250BBBB3005AA0C7 /* PublisherView.swift in Sources */,
				D9F66033250BBBEE005AA0C7 /* ARVideoCapture.swift in Sources */,
				D9F66035250BBC40005AA0C7 /* ARView.swift in Sources */,
			);
			runOnlyForDeploymentPostprocessing = 0;
		};
/* End PBXSourcesBuildPhase section */

/* Begin PBXVariantGroup section */
		D9F66025250BB3F6005AA0C7 /* LaunchScreen.storyboard */ = {
			isa = PBXVariantGroup;
			children = (
				D9F66026250BB3F6005AA0C7 /* Base */,
			);
			name = LaunchScreen.storyboard;
			sourceTree = "<group>";
		};
/* End PBXVariantGroup section */

/* Begin XCBuildConfiguration section */
		D9F66029250BB3F6005AA0C7 /* Debug */ = {
			isa = XCBuildConfiguration;
			buildSettings = {
				ALWAYS_SEARCH_USER_PATHS = NO;
				CLANG_ANALYZER_NONNULL = YES;
				CLANG_ANALYZER_NUMBER_OBJECT_CONVERSION = YES_AGGRESSIVE;
				CLANG_CXX_LANGUAGE_STANDARD = "gnu++14";
				CLANG_CXX_LIBRARY = "libc++";
				CLANG_ENABLE_MODULES = YES;
				CLANG_ENABLE_OBJC_ARC = YES;
				CLANG_ENABLE_OBJC_WEAK = YES;
				CLANG_WARN_BLOCK_CAPTURE_AUTORELEASING = YES;
				CLANG_WARN_BOOL_CONVERSION = YES;
				CLANG_WARN_COMMA = YES;
				CLANG_WARN_CONSTANT_CONVERSION = YES;
				CLANG_WARN_DEPRECATED_OBJC_IMPLEMENTATIONS = YES;
				CLANG_WARN_DIRECT_OBJC_ISA_USAGE = YES_ERROR;
				CLANG_WARN_DOCUMENTATION_COMMENTS = YES;
				CLANG_WARN_EMPTY_BODY = YES;
				CLANG_WARN_ENUM_CONVERSION = YES;
				CLANG_WARN_INFINITE_RECURSION = YES;
				CLANG_WARN_INT_CONVERSION = YES;
				CLANG_WARN_NON_LITERAL_NULL_CONVERSION = YES;
				CLANG_WARN_OBJC_IMPLICIT_RETAIN_SELF = YES;
				CLANG_WARN_OBJC_LITERAL_CONVERSION = YES;
				CLANG_WARN_OBJC_ROOT_CLASS = YES_ERROR;
				CLANG_WARN_RANGE_LOOP_ANALYSIS = YES;
				CLANG_WARN_STRICT_PROTOTYPES = YES;
				CLANG_WARN_SUSPICIOUS_MOVE = YES;
				CLANG_WARN_UNGUARDED_AVAILABILITY = YES_AGGRESSIVE;
				CLANG_WARN_UNREACHABLE_CODE = YES;
				CLANG_WARN__DUPLICATE_METHOD_MATCH = YES;
				COPY_PHASE_STRIP = NO;
				DEBUG_INFORMATION_FORMAT = dwarf;
				ENABLE_STRICT_OBJC_MSGSEND = YES;
				ENABLE_TESTABILITY = YES;
				GCC_C_LANGUAGE_STANDARD = gnu11;
				GCC_DYNAMIC_NO_PIC = NO;
				GCC_NO_COMMON_BLOCKS = YES;
				GCC_OPTIMIZATION_LEVEL = 0;
				GCC_PREPROCESSOR_DEFINITIONS = (
					"DEBUG=1",
					"$(inherited)",
				);
				GCC_WARN_64_TO_32_BIT_CONVERSION = YES;
				GCC_WARN_ABOUT_RETURN_TYPE = YES_ERROR;
				GCC_WARN_UNDECLARED_SELECTOR = YES;
				GCC_WARN_UNINITIALIZED_AUTOS = YES_AGGRESSIVE;
				GCC_WARN_UNUSED_FUNCTION = YES;
				GCC_WARN_UNUSED_VARIABLE = YES;
				IPHONEOS_DEPLOYMENT_TARGET = 13.7;
				MTL_ENABLE_DEBUG_INFO = INCLUDE_SOURCE;
				MTL_FAST_MATH = YES;
				ONLY_ACTIVE_ARCH = YES;
				SDKROOT = iphoneos;
				SWIFT_ACTIVE_COMPILATION_CONDITIONS = DEBUG;
				SWIFT_OPTIMIZATION_LEVEL = "-Onone";
			};
			name = Debug;
		};
		D9F6602A250BB3F6005AA0C7 /* Release */ = {
			isa = XCBuildConfiguration;
			buildSettings = {
				ALWAYS_SEARCH_USER_PATHS = NO;
				CLANG_ANALYZER_NONNULL = YES;
				CLANG_ANALYZER_NUMBER_OBJECT_CONVERSION = YES_AGGRESSIVE;
				CLANG_CXX_LANGUAGE_STANDARD = "gnu++14";
				CLANG_CXX_LIBRARY = "libc++";
				CLANG_ENABLE_MODULES = YES;
				CLANG_ENABLE_OBJC_ARC = YES;
				CLANG_ENABLE_OBJC_WEAK = YES;
				CLANG_WARN_BLOCK_CAPTURE_AUTORELEASING = YES;
				CLANG_WARN_BOOL_CONVERSION = YES;
				CLANG_WARN_COMMA = YES;
				CLANG_WARN_CONSTANT_CONVERSION = YES;
				CLANG_WARN_DEPRECATED_OBJC_IMPLEMENTATIONS = YES;
				CLANG_WARN_DIRECT_OBJC_ISA_USAGE = YES_ERROR;
				CLANG_WARN_DOCUMENTATION_COMMENTS = YES;
				CLANG_WARN_EMPTY_BODY = YES;
				CLANG_WARN_ENUM_CONVERSION = YES;
				CLANG_WARN_INFINITE_RECURSION = YES;
				CLANG_WARN_INT_CONVERSION = YES;
				CLANG_WARN_NON_LITERAL_NULL_CONVERSION = YES;
				CLANG_WARN_OBJC_IMPLICIT_RETAIN_SELF = YES;
				CLANG_WARN_OBJC_LITERAL_CONVERSION = YES;
				CLANG_WARN_OBJC_ROOT_CLASS = YES_ERROR;
				CLANG_WARN_RANGE_LOOP_ANALYSIS = YES;
				CLANG_WARN_STRICT_PROTOTYPES = YES;
				CLANG_WARN_SUSPICIOUS_MOVE = YES;
				CLANG_WARN_UNGUARDED_AVAILABILITY = YES_AGGRESSIVE;
				CLANG_WARN_UNREACHABLE_CODE = YES;
				CLANG_WARN__DUPLICATE_METHOD_MATCH = YES;
				COPY_PHASE_STRIP = NO;
				DEBUG_INFORMATION_FORMAT = "dwarf-with-dsym";
				ENABLE_NS_ASSERTIONS = NO;
				ENABLE_STRICT_OBJC_MSGSEND = YES;
				GCC_C_LANGUAGE_STANDARD = gnu11;
				GCC_NO_COMMON_BLOCKS = YES;
				GCC_WARN_64_TO_32_BIT_CONVERSION = YES;
				GCC_WARN_ABOUT_RETURN_TYPE = YES_ERROR;
				GCC_WARN_UNDECLARED_SELECTOR = YES;
				GCC_WARN_UNINITIALIZED_AUTOS = YES_AGGRESSIVE;
				GCC_WARN_UNUSED_FUNCTION = YES;
				GCC_WARN_UNUSED_VARIABLE = YES;
				IPHONEOS_DEPLOYMENT_TARGET = 13.7;
				MTL_ENABLE_DEBUG_INFO = NO;
				MTL_FAST_MATH = YES;
				SDKROOT = iphoneos;
				SWIFT_COMPILATION_MODE = wholemodule;
				SWIFT_OPTIMIZATION_LEVEL = "-O";
				VALIDATE_PRODUCT = YES;
			};
			name = Release;
		};
		D9F6602C250BB3F6005AA0C7 /* Debug */ = {
			isa = XCBuildConfiguration;
			baseConfigurationReference = A290F9B7F67D839FA08E9848 /* Pods-TokboxARSample.debug.xcconfig */;
			buildSettings = {
				ASSETCATALOG_COMPILER_APPICON_NAME = AppIcon;
				CODE_SIGN_STYLE = Automatic;
				DEVELOPMENT_TEAM = KFZL23PDH7;
				ENABLE_PREVIEWS = YES;
				INFOPLIST_FILE = TokboxARSample/Info.plist;
				LD_RUNPATH_SEARCH_PATHS = (
					"$(inherited)",
					"@executable_path/Frameworks",
				);
				PRODUCT_BUNDLE_IDENTIFIER = com.xactware.TokboxARSample;
				PRODUCT_NAME = "$(TARGET_NAME)";
				SWIFT_VERSION = 5.0;
				TARGETED_DEVICE_FAMILY = "1,2";
			};
			name = Debug;
		};
		D9F6602D250BB3F6005AA0C7 /* Release */ = {
			isa = XCBuildConfiguration;
			baseConfigurationReference = 56A04E53B7AC785F056A2FF3 /* Pods-TokboxARSample.release.xcconfig */;
			buildSettings = {
				ASSETCATALOG_COMPILER_APPICON_NAME = AppIcon;
				CODE_SIGN_STYLE = Automatic;
				DEVELOPMENT_TEAM = KFZL23PDH7;
				ENABLE_PREVIEWS = YES;
				INFOPLIST_FILE = TokboxARSample/Info.plist;
				LD_RUNPATH_SEARCH_PATHS = (
					"$(inherited)",
					"@executable_path/Frameworks",
				);
				PRODUCT_BUNDLE_IDENTIFIER = com.xactware.TokboxARSample;
				PRODUCT_NAME = "$(TARGET_NAME)";
				SWIFT_VERSION = 5.0;
				TARGETED_DEVICE_FAMILY = "1,2";
			};
			name = Release;
		};
/* End XCBuildConfiguration section */

/* Begin XCConfigurationList section */
		D9F66012250BB3F1005AA0C7 /* Build configuration list for PBXProject "TokboxARSample" */ = {
			isa = XCConfigurationList;
			buildConfigurations = (
				D9F66029250BB3F6005AA0C7 /* Debug */,
				D9F6602A250BB3F6005AA0C7 /* Release */,
			);
			defaultConfigurationIsVisible = 0;
			defaultConfigurationName = Release;
		};
		D9F6602B250BB3F6005AA0C7 /* Build configuration list for PBXNativeTarget "TokboxARSample" */ = {
			isa = XCConfigurationList;
			buildConfigurations = (
				D9F6602C250BB3F6005AA0C7 /* Debug */,
				D9F6602D250BB3F6005AA0C7 /* Release */,
			);
			defaultConfigurationIsVisible = 0;
			defaultConfigurationName = Release;
		};
/* End XCConfigurationList section */
	};
	rootObject = D9F6600F250BB3F1005AA0C7 /* Project object */;
}
